PODS:
  - CPaySDK/Core (2.6.0)
  - CPaySDK/Ext/PPRiskMagnes (2.6.0)
  - CPaySDK/Payment/CashApp (2.6.0):
    - CPaySDK/Payment/CashApp/Button (= 2.6.0)
    - CPaySDK/Payment/CashApp/Core (= 2.6.0)
  - CPaySDK/Payment/CashApp/Button (2.6.0)
  - CPaySDK/Payment/CashApp/Core (2.6.0)
  - CPaySDK/Payment/Klarna (2.6.0):
    - KlarnaMobileSDK (~> 2.10.0)
  - CPaySDK/Payment/PayPal (2.6.0):
    - CPaySDK/Payment/PayPal/Button (= 2.6.0)
    - CPaySDK/Payment/PayPal/Core (= 2.6.0)
    - CPaySDK/Payment/PayPal/Fraud (= 2.6.0)
    - CPaySDK/Payment/PayPal/Web (= 2.6.0)
  - CPaySDK/Payment/PayPal/Button (2.6.0):
    - CPaySDK/Payment/PayPal/Core
  - CPaySDK/Payment/PayPal/Core (2.6.0)
  - CPaySDK/Payment/PayPal/Fraud (2.6.0):
    - CPaySDK/Ext/PPRiskMagnes
    - CPaySDK/Payment/PayPal/Core
  - CPaySDK/Payment/PayPal/Web (2.6.0):
    - CPaySDK/Payment/PayPal/Core
  - KlarnaMobileSDK (2.10.2):
    - KlarnaMobileSDK/basic (= 2.10.2)
  - KlarnaMobileSDK/basic (2.10.2)

DEPENDENCIES:
  - CPaySDK/Core (from `../`)
  - CPaySDK/Payment/CashApp (from `../`)
  - CPaySDK/Payment/Klarna (from `../`)
  - CPaySDK/Payment/PayPal (from `../`)

SPEC REPOS:
  trunk:
    - KlarnaMobileSDK

EXTERNAL SOURCES:
  CPaySDK:
    :path: "../"

SPEC CHECKSUMS:
  CPaySDK: 180aa64c0c39516ee5b353bb60f9e025ccded9a5
  KlarnaMobileSDK: 7971288298945f4448b474c09e8c662715f5a733

PODFILE CHECKSUM: 3b7436084bb39bd62a4e0ed5d11bff6e5cac3d56

COCOAPODS: 1.16.2
