PODS:
  - CPaySDK (2.3.0):
    - CPaySDK/Core (= 2.3.0)
    - CPaySDK/Ext (= 2.3.0)
    - CPaySDK/Payment/CashApp/Button (= 2.3.0)
    - CPaySDK/Payment/CashApp/Core (= 2.3.0)
    - CPaySDK/Payment/PayPal/Button (= 2.3.0)
    - CPaySDK/Payment/PayPal/Fraud (= 2.3.0)
    - CPaySDK/Payment/PayPal/Web (= 2.3.0)
  - CPaySDK/Core (2.3.0)
  - CPaySDK/Ext (2.3.0):
    - CPaySDK/Ext/CardinalMobile (= 2.3.0)
    - CPaySDK/Ext/PPRiskMagnes (= 2.3.0)
  - CPaySDK/Ext/CardinalMobile (2.3.0)
  - CPaySDK/Ext/PPRiskMagnes (2.3.0)
  - CPaySDK/Payment/CashApp/Button (2.3.0)
  - CPaySDK/Payment/CashApp/Core (2.3.0)
  - CPaySDK/Payment/PayPal/Button (2.3.0):
    - CPaySDK/Payment/PayPal/Core
  - CPaySDK/Payment/PayPal/Core (2.3.0)
  - CPaySDK/Payment/PayPal/Fraud (2.3.0):
    - CPaySDK/Ext/PPRiskMagnes
    - CPaySDK/Payment/PayPal/Core
  - CPaySDK/Payment/PayPal/Web (2.3.0):
    - CPaySDK/Payment/PayPal/Core

DEPENDENCIES:
  - CPaySDK (from `../`)

EXTERNAL SOURCES:
  CPaySDK:
    :path: "../"

SPEC CHECKSUMS:
  CPaySDK: 84d3452e0f75219dbbd2227e3a086bf69a20f20e

PODFILE CHECKSUM: cb0448c270a57b238e57f9675651d227b8620066

COCOAPODS: 1.15.2
